
Microsoft Visual Studio Solution File, Format Version 12.00
# Visual Studio Version 17
VisualStudioVersion = 17.1.32210.238
MinimumVisualStudioVersion = 10.0.40219.1
Project("{FAE04EC0-301F-11D3-BF4B-00C04F79EFBC}") = "npgsql_ilrepack", "npgsql_ilrepack\npgsql_ilrepack.csproj", "{D5AABDDB-0DCA-4293-89EE-133EFC608726}"
EndProject
Global
	GlobalSection(SolutionConfigurationPlatforms) = preSolution
		Debug|Any CPU = Debug|Any CPU
		Release|Any CPU = Release|Any CPU
	EndGlobalSection
	GlobalSection(ProjectConfigurationPlatforms) = postSolution
		{D5AABDDB-0DCA-4293-89EE-133EFC608726}.Debug|Any CPU.ActiveCfg = Debug|Any CPU
		{D5AABDDB-0DCA-4293-89EE-133EFC608726}.Debug|Any CPU.Build.0 = Debug|Any CPU
		{D5AABDDB-0DCA-4293-89EE-133EFC608726}.Release|Any CPU.ActiveCfg = Release|Any CPU
		{D5AABDDB-0DCA-4293-89EE-133EFC608726}.Release|Any CPU.Build.0 = Release|Any CPU
	EndGlobalSection
	GlobalSection(SolutionProperties) = preSolution
		HideSolutionNode = FALSE
	EndGlobalSection
	GlobalSection(ExtensibilityGlobals) = postSolution
		SolutionGuid = {AB276EF7-2DEB-441F-929A-60D53EA1DC98}
	EndGlobalSection
EndGlobal
